
Microsoft Visual Studio Solution File, Format Version 12.00
# Visual Studio Version 16
VisualStudioVersion = 16.0.29519.181
MinimumVisualStudioVersion = 10.0.40219.1
Project("{FAE04EC0-301F-11D3-BF4B-00C04F79EFBC}") = "DickinsonBros.DurableRest.Abstractions", "DickinsonBros.DurableRest.Abstractions\DickinsonBros.DurableRest.Abstractions.csproj", "{03B8EEB3-476E-4295-B1F4-378570D049A7}"
EndProject
Project("{2150E333-8FDC-42A3-9474-1A3956D46DE8}") = "1 Abstractions", "1 Abstractions", "{1B815748-C0BB-4CE0-AAA1-6978D6009064}"
EndProject
Project("{2150E333-8FDC-42A3-9474-1A3956D46DE8}") = "9 Scripts", "9 Scripts", "{F5B8D56F-3667-4130-BCFB-CD383E056944}"
	ProjectSection(SolutionItems) = preProject
		Scripts\CreateNugetPackagePreRelease.ps1 = Scripts\CreateNugetPackagePreRelease.ps1
	EndProjectSection
EndProject
Global
	GlobalSection(SolutionConfigurationPlatforms) = preSolution
		Debug|Any CPU = Debug|Any CPU
		Release|Any CPU = Release|Any CPU
	EndGlobalSection
	GlobalSection(ProjectConfigurationPlatforms) = postSolution
		{03B8EEB3-476E-4295-B1F4-378570D049A7}.Debug|Any CPU.ActiveCfg = Debug|Any CPU
		{03B8EEB3-476E-4295-B1F4-378570D049A7}.Debug|Any CPU.Build.0 = Debug|Any CPU
		{03B8EEB3-476E-4295-B1F4-378570D049A7}.Release|Any CPU.ActiveCfg = Release|Any CPU
		{03B8EEB3-476E-4295-B1F4-378570D049A7}.Release|Any CPU.Build.0 = Release|Any CPU
	EndGlobalSection
	GlobalSection(SolutionProperties) = preSolution
		HideSolutionNode = FALSE
	EndGlobalSection
	GlobalSection(NestedProjects) = preSolution
		{03B8EEB3-476E-4295-B1F4-378570D049A7} = {1B815748-C0BB-4CE0-AAA1-6978D6009064}
	EndGlobalSection
	GlobalSection(ExtensibilityGlobals) = postSolution
		SolutionGuid = {698267C8-5145-4E55-B454-4BE0C2A4DAE2}
	EndGlobalSection
EndGlobal
